
Microsoft Visual Studio Solution File, Format Version 12.00
# Visual Studio 15
VisualStudioVersion = 15.0.26124.0
MinimumVisualStudioVersion = 15.0.26124.0
Project("{FAE04EC0-301F-11D3-BF4B-00C04F79EFBC}") = "MyProject.Web", "MyProject.Web\MyProject.Web.csproj", "{5CBAD240-9723-481C-8BD3-E5C528FE227C}"
EndProject
Project("{FAE04EC0-301F-11D3-BF4B-00C04F79EFBC}") = "MyProject.Tests", "MyProject.Tests\MyProject.Tests.csproj", "{FF5C6716-FBC2-4CF8-8261-B6ED09A5F1C6}"
EndProject
Global
	GlobalSection(SolutionConfigurationPlatforms) = preSolution
		Debug|Any CPU = Debug|Any CPU
		Debug|x64 = Debug|x64
		Debug|x86 = Debug|x86
		Release|Any CPU = Release|Any CPU
		Release|x64 = Release|x64
		Release|x86 = Release|x86
	EndGlobalSection
	GlobalSection(SolutionProperties) = preSolution
		HideSolutionNode = FALSE
	EndGlobalSection
	GlobalSection(ProjectConfigurationPlatforms) = postSolution
		{5CBAD240-9723-481C-8BD3-E5C528FE227C}.Debug|Any CPU.ActiveCfg = Debug|Any CPU
		{5CBAD240-9723-481C-8BD3-E5C528FE227C}.Debug|Any CPU.Build.0 = Debug|Any CPU
		{5CBAD240-9723-481C-8BD3-E5C528FE227C}.Debug|x64.ActiveCfg = Debug|Any CPU
		{5CBAD240-9723-481C-8BD3-E5C528FE227C}.Debug|x64.Build.0 = Debug|Any CPU
		{5CBAD240-9723-481C-8BD3-E5C528FE227C}.Debug|x86.ActiveCfg = Debug|Any CPU
		{5CBAD240-9723-481C-8BD3-E5C528FE227C}.Debug|x86.Build.0 = Debug|Any CPU
		{5CBAD240-9723-481C-8BD3-E5C528FE227C}.Release|Any CPU.ActiveCfg = Release|Any CPU
		{5CBAD240-9723-481C-8BD3-E5C528FE227C}.Release|Any CPU.Build.0 = Release|Any CPU
		{5CBAD240-9723-481C-8BD3-E5C528FE227C}.Release|x64.ActiveCfg = Release|Any CPU
		{5CBAD240-9723-481C-8BD3-E5C528FE227C}.Release|x64.Build.0 = Release|Any CPU
		{5CBAD240-9723-481C-8BD3-E5C528FE227C}.Release|x86.ActiveCfg = Release|Any CPU
		{5CBAD240-9723-481C-8BD3-E5C528FE227C}.Release|x86.Build.0 = Release|Any CPU
		{FF5C6716-FBC2-4CF8-8261-B6ED09A5F1C6}.Debug|Any CPU.ActiveCfg = Debug|Any CPU
		{FF5C6716-FBC2-4CF8-8261-B6ED09A5F1C6}.Debug|Any CPU.Build.0 = Debug|Any CPU
		{FF5C6716-FBC2-4CF8-8261-B6ED09A5F1C6}.Debug|x64.ActiveCfg = Debug|Any CPU
		{FF5C6716-FBC2-4CF8-8261-B6ED09A5F1C6}.Debug|x64.Build.0 = Debug|Any CPU
		{FF5C6716-FBC2-4CF8-8261-B6ED09A5F1C6}.Debug|x86.ActiveCfg = Debug|Any CPU
		{FF5C6716-FBC2-4CF8-8261-B6ED09A5F1C6}.Debug|x86.Build.0 = Debug|Any CPU
		{FF5C6716-FBC2-4CF8-8261-B6ED09A5F1C6}.Release|Any CPU.ActiveCfg = Release|Any CPU
		{FF5C6716-FBC2-4CF8-8261-B6ED09A5F1C6}.Release|Any CPU.Build.0 = Release|Any CPU
		{FF5C6716-FBC2-4CF8-8261-B6ED09A5F1C6}.Release|x64.ActiveCfg = Release|Any CPU
		{FF5C6716-FBC2-4CF8-8261-B6ED09A5F1C6}.Release|x64.Build.0 = Release|Any CPU
		{FF5C6716-FBC2-4CF8-8261-B6ED09A5F1C6}.Release|x86.ActiveCfg = Release|Any CPU
		{FF5C6716-FBC2-4CF8-8261-B6ED09A5F1C6}.Release|x86.Build.0 = Release|Any CPU
	EndGlobalSection
EndGlobal
